<?xml version="1.0" encoding="utf-8"?>
<Project ToolsVersion="4.0" xmlns="http://schemas.microsoft.com/developer/msbuild/2003">
  <ItemGroup>
    <Filter Include="Source Files">
      <UniqueIdentifier>{4FC737F1-C7A5-4376-A066-2A32D752A2FF}</UniqueIdentifier>
      <Extensions>cpp;c;cc;cxx;def;odl;idl;hpj;bat;asm;asmx</Extensions>
    </Filter>
    <Filter Include="Header Files">
      <UniqueIdentifier>{93995380-89BD-4b04-88EB-625FBE52EBFB}</UniqueIdentifier>
      <Extensions>h;hh;hpp;hxx;hm;inl;inc;xsd</Extensions>
    </Filter>
    <Filter Include="Resource Files">
      <UniqueIdentifier>{67DA6AB6-F800-4c08-8B7A-83BB121AAD01}</UniqueIdentifier>
      <Extensions>rc;ico;cur;bmp;dlg;rc2;rct;bin;rgs;gif;jpg;jpeg;jpe;resx;tiff;tif;png;wav;mfcribbon-ms</Extensions>
    </Filter>
    <Filter Include="Shaders">
      <UniqueIdentifier>{5dc232d4-d884-42d5-9fba-d915463cd791}</UniqueIdentifier>
    </Filter>
    <Filter Include="Shaders\Billboard">
      <UniqueIdentifier>{c16b289d-7f40-43f8-a24b-3324e4946cab}</UniqueIdentifier>
    </Filter>
    <Filter Include="Shaders\Metaball">
      <UniqueIdentifier>{f3421238-84c0-4cc9-ba0b-22f8a5997083}</UniqueIdentifier>
    </Filter>
    <Filter Include="Shaders\Animation">
      <UniqueIdentifier>{741a44ac-e7a3-4883-bb69-d3663f2ff8dc}</UniqueIdentifier>
    </Filter>
    <Filter Include="Shaders\Particle">
      <UniqueIdentifier>{6fb04c0f-1560-42ea-af21-373db19bc7da}</UniqueIdentifier>
    </Filter>
    <Filter Include="Shaders\PrefixSum">
      <UniqueIdentifier>{78655ae1-937a-472b-9c57-b6168bb66e6f}</UniqueIdentifier>
    </Filter>
    <Filter Include="Shaders\Common">
      <UniqueIdentifier>{1f53272b-90f4-44b0-b566-a9cf7d38fdd2}</UniqueIdentifier>
    </Filter>
    <Filter Include="Shaders\Debug">
      <UniqueIdentifier>{8ac18417-4294-4896-ab56-e6d9c988b5b2}</UniqueIdentifier>
    </Filter>
  </ItemGroup>
  <ItemGroup>
    <ClCompile Include="main.cpp">
      <Filter>Source Files</Filter>
    </ClCompile>
    <ClCompile Include="Game.cpp">
      <Filter>Source Files</Filter>
    </ClCompile>
    <ClCompile Include="DDSTextureLoader.cpp">
      <Filter>Source Files</Filter>
    </ClCompile>
  </ItemGroup>
  <ItemGroup>
    <ClInclude Include="Game.h">
      <Filter>Header Files</Filter>
    </ClInclude>
    <ClInclude Include="Particle.h">
      <Filter>Header Files</Filter>
    </ClInclude>
    <ClInclude Include="DDSTextureLoader.h">
      <Filter>Header Files</Filter>
    </ClInclude>
  </ItemGroup>
  <ItemGroup>
    <FxCompile Include="Shaders\gsBillboard.hlsl">
      <Filter>Shaders\Billboard</Filter>
    </FxCompile>
    <FxCompile Include="Shaders\vsMetaball.hlsl">
      <Filter>Shaders\Metaball</Filter>
    </FxCompile>
    <FxCompile Include="Shaders\vsBillboard.hlsl">
      <Filter>Shaders\Billboard</Filter>
    </FxCompile>
    <FxCompile Include="Shaders\csFluidSimulation.hlsl">
      <Filter>Shaders\Animation</Filter>
    </FxCompile>
    <FxCompile Include="Shaders\csSimpleSortEven.hlsl">
      <Filter>Shaders\Animation</Filter>
    </FxCompile>
    <FxCompile Include="Shaders\csSimpleSortOdd.hlsl">
      <Filter>Shaders\Animation</Filter>
    </FxCompile>
    <FxCompile Include="Shaders\csPrefixSum.hlsl">
      <Filter>Shaders\PrefixSum</Filter>
    </FxCompile>
    <FxCompile Include="Shaders\csScanAddBucketResult.hlsl">
      <Filter>Shaders\PrefixSum</Filter>
    </FxCompile>
    <FxCompile Include="Shaders\csScanBucketResult.hlsl">
      <Filter>Shaders\PrefixSum</Filter>
    </FxCompile>
    <FxCompile Include="Shaders\psMetaballNormal.hlsl">
      <Filter>Shaders\Metaball</Filter>
    </FxCompile>
    <FxCompile Include="Shaders\psMetaballABuffer.hlsl">
      <Filter>Shaders\Metaball</Filter>
    </FxCompile>
    <FxCompile Include="Shaders\psMetaballSBuffer.hlsl">
      <Filter>Shaders\Metaball</Filter>
    </FxCompile>
    <FxCompile Include="Shaders\psBillboardA.hlsl">
      <Filter>Shaders\Billboard</Filter>
    </FxCompile>
    <FxCompile Include="Shaders\psBillboardS1.hlsl">
      <Filter>Shaders\Billboard</Filter>
    </FxCompile>
    <FxCompile Include="Shaders\psBillboardS2.hlsl">
      <Filter>Shaders\Billboard</Filter>
    </FxCompile>
    <FxCompile Include="Shaders\csControlledFluidSimulation.hlsl">
      <Filter>Shaders\Animation</Filter>
    </FxCompile>
    <FxCompile Include="Shaders\psControlParticleBall.hlsl">
      <Filter>Shaders\Debug</Filter>
    </FxCompile>
  </ItemGroup>
  <ItemGroup>
    <None Include="Shaders\billboard.hlsli">
      <Filter>Shaders\Billboard</Filter>
    </None>
    <None Include="Shaders\metaball.hlsli">
      <Filter>Shaders\Metaball</Filter>
    </None>
    <None Include="Shaders\particle.hlsli">
      <Filter>Shaders\Particle</Filter>
    </None>
    <None Include="Shaders\window.hlsli">
      <Filter>Shaders\Common</Filter>
    </None>
  </ItemGroup>
</Project>